
Microsoft Visual Studio Solution File, Format Version 12.00
# Visual Studio Version 16
VisualStudioVersion = 16.0.33529.622
MinimumVisualStudioVersion = 10.0.40219.1
Project("{FAE04EC0-301F-11D3-BF4B-00C04F79EFBC}") = "Edukator.PresentationLayer", "Edukator.PresentationLayer\Edukator.PresentationLayer.csproj", "{49C3251A-0AC9-4CC3-B656-056B5A80F905}"
EndProject
Project("{FAE04EC0-301F-11D3-BF4B-00C04F79EFBC}") = "Edukator.EntityLayer", "Edukator.EntityLayer\Edukator.EntityLayer.csproj", "{63E274A2-AAC6-4A71-AA1E-103CC03B9C6A}"
EndProject
Project("{FAE04EC0-301F-11D3-BF4B-00C04F79EFBC}") = "Edukator.DataAccessLayer", "Edukator.DataAccessLayer\Edukator.DataAccessLayer.csproj", "{68C93E2C-C2AA-4250-BC28-2ADCBEA3EB0E}"
EndProject
Project("{FAE04EC0-301F-11D3-BF4B-00C04F79EFBC}") = "Edukator.BusinessLayer", "Edukator.BusinessLayer\Edukator.BusinessLayer.csproj", "{BC1FE1B6-B911-4D08-96AC-15B71936C0D7}"
EndProject
Project("{FAE04EC0-301F-11D3-BF4B-00C04F79EFBC}") = "Edukator.DtoLayer", "Edukator.DtoLayer\Edukator.DtoLayer.csproj", "{8CF9DE14-F22C-4817-9F14-07C2D11A4B3D}"
EndProject
Global
	GlobalSection(SolutionConfigurationPlatforms) = preSolution
		Debug|Any CPU = Debug|Any CPU
		Release|Any CPU = Release|Any CPU
	EndGlobalSection
	GlobalSection(ProjectConfigurationPlatforms) = postSolution
		{49C3251A-0AC9-4CC3-B656-056B5A80F905}.Debug|Any CPU.ActiveCfg = Debug|Any CPU
		{49C3251A-0AC9-4CC3-B656-056B5A80F905}.Debug|Any CPU.Build.0 = Debug|Any CPU
		{49C3251A-0AC9-4CC3-B656-056B5A80F905}.Release|Any CPU.ActiveCfg = Release|Any CPU
		{49C3251A-0AC9-4CC3-B656-056B5A80F905}.Release|Any CPU.Build.0 = Release|Any CPU
		{63E274A2-AAC6-4A71-AA1E-103CC03B9C6A}.Debug|Any CPU.ActiveCfg = Debug|Any CPU
		{63E274A2-AAC6-4A71-AA1E-103CC03B9C6A}.Debug|Any CPU.Build.0 = Debug|Any CPU
		{63E274A2-AAC6-4A71-AA1E-103CC03B9C6A}.Release|Any CPU.ActiveCfg = Release|Any CPU
		{63E274A2-AAC6-4A71-AA1E-103CC03B9C6A}.Release|Any CPU.Build.0 = Release|Any CPU
		{68C93E2C-C2AA-4250-BC28-2ADCBEA3EB0E}.Debug|Any CPU.ActiveCfg = Debug|Any CPU
		{68C93E2C-C2AA-4250-BC28-2ADCBEA3EB0E}.Debug|Any CPU.Build.0 = Debug|Any CPU
		{68C93E2C-C2AA-4250-BC28-2ADCBEA3EB0E}.Release|Any CPU.ActiveCfg = Release|Any CPU
		{68C93E2C-C2AA-4250-BC28-2ADCBEA3EB0E}.Release|Any CPU.Build.0 = Release|Any CPU
		{BC1FE1B6-B911-4D08-96AC-15B71936C0D7}.Debug|Any CPU.ActiveCfg = Debug|Any CPU
		{BC1FE1B6-B911-4D08-96AC-15B71936C0D7}.Debug|Any CPU.Build.0 = Debug|Any CPU
		{BC1FE1B6-B911-4D08-96AC-15B71936C0D7}.Release|Any CPU.ActiveCfg = Release|Any CPU
		{BC1FE1B6-B911-4D08-96AC-15B71936C0D7}.Release|Any CPU.Build.0 = Release|Any CPU
		{8CF9DE14-F22C-4817-9F14-07C2D11A4B3D}.Debug|Any CPU.ActiveCfg = Debug|Any CPU
		{8CF9DE14-F22C-4817-9F14-07C2D11A4B3D}.Debug|Any CPU.Build.0 = Debug|Any CPU
		{8CF9DE14-F22C-4817-9F14-07C2D11A4B3D}.Release|Any CPU.ActiveCfg = Release|Any CPU
		{8CF9DE14-F22C-4817-9F14-07C2D11A4B3D}.Release|Any CPU.Build.0 = Release|Any CPU
	EndGlobalSection
	GlobalSection(SolutionProperties) = preSolution
		HideSolutionNode = FALSE
	EndGlobalSection
	GlobalSection(ExtensibilityGlobals) = postSolution
		SolutionGuid = {CA2E2820-642F-4FB5-9E99-A22BC3B5F1C9}
	EndGlobalSection
EndGlobal
